
Microsoft Visual Studio Solution File, Format Version 12.00
# Visual Studio Version 16
VisualStudioVersion = 16.0.34031.81
MinimumVisualStudioVersion = 10.0.40219.1
Project("{2150E333-8FDC-42A3-9474-1A3956D46DE8}") = "Task0", "Task0", "{09F8701D-791C-4D59-94B2-3FD788493365}"
EndProject
Project("{FAE04EC0-301F-11D3-BF4B-00C04F79EFBC}") = "Tyuiu.DudkovIE.Sprint6.Task0.V30.Lib", "Tyuiu.DudkovIE.Sprint6.Task0.V30.Lib\Tyuiu.DudkovIE.Sprint6.Task0.V30.Lib.csproj", "{BF0752A6-A362-4508-A685-1B24B24CFF81}"
EndProject
Project("{FAE04EC0-301F-11D3-BF4B-00C04F79EFBC}") = "Tyuiu.DudkovIE.Sprint6.Task0.V30.Test", "Tyuiu.DudkovIE.Sprint6.Task0.V30.Test\Tyuiu.DudkovIE.Sprint6.Task0.V30.Test.csproj", "{C3A5E4F0-973C-4765-9BDF-DDCFC76BBB35}"
EndProject
Project("{FAE04EC0-301F-11D3-BF4B-00C04F79EFBC}") = "Tyuiu.DudkovIE.Sprint6.Task0.V30", "Tyuiu.DudkovIE.Sprint6.Task0.V30\Tyuiu.DudkovIE.Sprint6.Task0.V30.csproj", "{389E0EA8-1602-4FEE-9DD4-6F4730C48489}"
EndProject
Project("{2150E333-8FDC-42A3-9474-1A3956D46DE8}") = "Task1", "Task1", "{63D8FFE2-0EB1-4945-A689-8651C71891FB}"
EndProject
Project("{FAE04EC0-301F-11D3-BF4B-00C04F79EFBC}") = "Tyuiu.DudkovIE.Sprint6.Task1.V20", "Tyuiu.DudkovIE.Sprint6.Task1.V20\Tyuiu.DudkovIE.Sprint6.Task1.V20.csproj", "{29A3F6AC-0B4D-4C62-BF17-CE7B2BF311D5}"
EndProject
Project("{FAE04EC0-301F-11D3-BF4B-00C04F79EFBC}") = "Tyuiu.DudkovIE.Sprint6.Task1.V20.Lib", "Tyuiu.DudkovIE.Sprint6.Task1.V20.Lib\Tyuiu.DudkovIE.Sprint6.Task1.V20.Lib.csproj", "{A5883FFE-8B79-44E1-940E-539E1C4E28F5}"
EndProject
Project("{FAE04EC0-301F-11D3-BF4B-00C04F79EFBC}") = "Tyuiu.DudkovIE.Sprint6.Task1.V20.Test", "Tyuiu.DudkovIE.Sprint6.Task1.V20.Test\Tyuiu.DudkovIE.Sprint6.Task1.V20.Test.csproj", "{A87CE2F2-140C-4E87-AB58-7B9E993235C2}"
EndProject
Project("{2150E333-8FDC-42A3-9474-1A3956D46DE8}") = "Task2", "Task2", "{21655341-3EAB-4600-9311-16F80DEDEB1D}"
EndProject
Project("{FAE04EC0-301F-11D3-BF4B-00C04F79EFBC}") = "Tyuiu.DudkovIE.Sprint6.Task2.V1", "Tyuiu.DudkovIE.Sprint6.Task2.V1\Tyuiu.DudkovIE.Sprint6.Task2.V1.csproj", "{E7C5D97E-D33F-4246-B338-2D03A6E9D517}"
EndProject
Project("{FAE04EC0-301F-11D3-BF4B-00C04F79EFBC}") = "Tyuiu.DudkovIE.Sprint6.Task2.V1.Lib", "Tyuiu.DudkovIE.Sprint6.Task2.V1.Lib\Tyuiu.DudkovIE.Sprint6.Task2.V1.Lib.csproj", "{2277ECBC-D09A-45BA-965D-65DDC5E28DA5}"
EndProject
Project("{FAE04EC0-301F-11D3-BF4B-00C04F79EFBC}") = "Tyuiu.DudkovIE.Sprint6.Task2.V1.Test", "Tyuiu.DudkovIE.Sprint6.Task2.V1.Test\Tyuiu.DudkovIE.Sprint6.Task2.V1.Test.csproj", "{B3657F65-1C23-4324-9024-3EA9064A8304}"
EndProject
Project("{2150E333-8FDC-42A3-9474-1A3956D46DE8}") = "Task3", "Task3", "{D674F513-15BA-48B1-9CDA-70FD08B0F602}"
EndProject
Project("{FAE04EC0-301F-11D3-BF4B-00C04F79EFBC}") = "Tyuiu.DudkovIE.Sprint6.Task3.V18", "Tyuiu.DudkovIE.Sprint6.Task3.V18\Tyuiu.DudkovIE.Sprint6.Task3.V18.csproj", "{024002A4-0BBD-4784-A79F-F3F84D47B330}"
EndProject
Project("{FAE04EC0-301F-11D3-BF4B-00C04F79EFBC}") = "Tyuiu.DudkovIE.Sprint6.Task3.V18.Lib", "Tyuiu.DudkovIE.Sprint6.Task3.V18.Lib\Tyuiu.DudkovIE.Sprint6.Task3.V18.Lib.csproj", "{2F6B1B52-FBF1-44E0-A872-006192B44A00}"
EndProject
Project("{FAE04EC0-301F-11D3-BF4B-00C04F79EFBC}") = "Tyuiu.DudkovIE.Sprint6.Task3.V18.Test", "Tyuiu.DudkovIE.Sprint6.Task3.V18.Test\Tyuiu.DudkovIE.Sprint6.Task3.V18.Test.csproj", "{7761C9F6-D634-468F-97D6-6646ABEEDF2F}"
EndProject
Project("{2150E333-8FDC-42A3-9474-1A3956D46DE8}") = "Task4", "Task4", "{83BB9BA6-767C-427B-B0EE-59E72F91823D}"
EndProject
Project("{FAE04EC0-301F-11D3-BF4B-00C04F79EFBC}") = "Tyuiu.DudkovIE.Sprint6.Task4.V23", "Tyuiu.DudkovIE.Sprint6.Task4.V23\Tyuiu.DudkovIE.Sprint6.Task4.V23.csproj", "{D8F34900-DE61-44DA-806D-0A11A0866B9E}"
EndProject
Project("{FAE04EC0-301F-11D3-BF4B-00C04F79EFBC}") = "Tyuiu.DudkovIE.Sprint6.Task4.V23.Lib", "Tyuiu.DudkovIE.Sprint6.Task4.V23.Lib\Tyuiu.DudkovIE.Sprint6.Task4.V23.Lib.csproj", "{8D23B05E-0468-4A51-8BC7-52FC1980470F}"
EndProject
Project("{FAE04EC0-301F-11D3-BF4B-00C04F79EFBC}") = "Tyuiu.DudkovIE.Sprint6.Task4.V23.Test", "Tyuiu.DudkovIE.Sprint6.Task4.V23.Test\Tyuiu.DudkovIE.Sprint6.Task4.V23.Test.csproj", "{F82A2BC1-5D66-4E50-B0E4-488869581D7A}"
EndProject
Global
	GlobalSection(SolutionConfigurationPlatforms) = preSolution
		Debug|Any CPU = Debug|Any CPU
		Release|Any CPU = Release|Any CPU
	EndGlobalSection
	GlobalSection(ProjectConfigurationPlatforms) = postSolution
		{BF0752A6-A362-4508-A685-1B24B24CFF81}.Debug|Any CPU.ActiveCfg = Debug|Any CPU
		{BF0752A6-A362-4508-A685-1B24B24CFF81}.Debug|Any CPU.Build.0 = Debug|Any CPU
		{BF0752A6-A362-4508-A685-1B24B24CFF81}.Release|Any CPU.ActiveCfg = Release|Any CPU
		{BF0752A6-A362-4508-A685-1B24B24CFF81}.Release|Any CPU.Build.0 = Release|Any CPU
		{C3A5E4F0-973C-4765-9BDF-DDCFC76BBB35}.Debug|Any CPU.ActiveCfg = Debug|Any CPU
		{C3A5E4F0-973C-4765-9BDF-DDCFC76BBB35}.Debug|Any CPU.Build.0 = Debug|Any CPU
		{C3A5E4F0-973C-4765-9BDF-DDCFC76BBB35}.Release|Any CPU.ActiveCfg = Release|Any CPU
		{C3A5E4F0-973C-4765-9BDF-DDCFC76BBB35}.Release|Any CPU.Build.0 = Release|Any CPU
		{389E0EA8-1602-4FEE-9DD4-6F4730C48489}.Debug|Any CPU.ActiveCfg = Debug|Any CPU
		{389E0EA8-1602-4FEE-9DD4-6F4730C48489}.Debug|Any CPU.Build.0 = Debug|Any CPU
		{389E0EA8-1602-4FEE-9DD4-6F4730C48489}.Release|Any CPU.ActiveCfg = Release|Any CPU
		{389E0EA8-1602-4FEE-9DD4-6F4730C48489}.Release|Any CPU.Build.0 = Release|Any CPU
		{29A3F6AC-0B4D-4C62-BF17-CE7B2BF311D5}.Debug|Any CPU.ActiveCfg = Debug|Any CPU
		{29A3F6AC-0B4D-4C62-BF17-CE7B2BF311D5}.Debug|Any CPU.Build.0 = Debug|Any CPU
		{29A3F6AC-0B4D-4C62-BF17-CE7B2BF311D5}.Release|Any CPU.ActiveCfg = Release|Any CPU
		{29A3F6AC-0B4D-4C62-BF17-CE7B2BF311D5}.Release|Any CPU.Build.0 = Release|Any CPU
		{A5883FFE-8B79-44E1-940E-539E1C4E28F5}.Debug|Any CPU.ActiveCfg = Debug|Any CPU
		{A5883FFE-8B79-44E1-940E-539E1C4E28F5}.Debug|Any CPU.Build.0 = Debug|Any CPU
		{A5883FFE-8B79-44E1-940E-539E1C4E28F5}.Release|Any CPU.ActiveCfg = Release|Any CPU
		{A5883FFE-8B79-44E1-940E-539E1C4E28F5}.Release|Any CPU.Build.0 = Release|Any CPU
		{A87CE2F2-140C-4E87-AB58-7B9E993235C2}.Debug|Any CPU.ActiveCfg = Debug|Any CPU
		{A87CE2F2-140C-4E87-AB58-7B9E993235C2}.Debug|Any CPU.Build.0 = Debug|Any CPU
		{A87CE2F2-140C-4E87-AB58-7B9E993235C2}.Release|Any CPU.ActiveCfg = Release|Any CPU
		{A87CE2F2-140C-4E87-AB58-7B9E993235C2}.Release|Any CPU.Build.0 = Release|Any CPU
		{E7C5D97E-D33F-4246-B338-2D03A6E9D517}.Debug|Any CPU.ActiveCfg = Debug|Any CPU
		{E7C5D97E-D33F-4246-B338-2D03A6E9D517}.Debug|Any CPU.Build.0 = Debug|Any CPU
		{E7C5D97E-D33F-4246-B338-2D03A6E9D517}.Release|Any CPU.ActiveCfg = Release|Any CPU
		{E7C5D97E-D33F-4246-B338-2D03A6E9D517}.Release|Any CPU.Build.0 = Release|Any CPU
		{2277ECBC-D09A-45BA-965D-65DDC5E28DA5}.Debug|Any CPU.ActiveCfg = Debug|Any CPU
		{2277ECBC-D09A-45BA-965D-65DDC5E28DA5}.Debug|Any CPU.Build.0 = Debug|Any CPU
		{2277ECBC-D09A-45BA-965D-65DDC5E28DA5}.Release|Any CPU.ActiveCfg = Release|Any CPU
		{2277ECBC-D09A-45BA-965D-65DDC5E28DA5}.Release|Any CPU.Build.0 = Release|Any CPU
		{B3657F65-1C23-4324-9024-3EA9064A8304}.Debug|Any CPU.ActiveCfg = Debug|Any CPU
		{B3657F65-1C23-4324-9024-3EA9064A8304}.Debug|Any CPU.Build.0 = Debug|Any CPU
		{B3657F65-1C23-4324-9024-3EA9064A8304}.Release|Any CPU.ActiveCfg = Release|Any CPU
		{B3657F65-1C23-4324-9024-3EA9064A8304}.Release|Any CPU.Build.0 = Release|Any CPU
		{024002A4-0BBD-4784-A79F-F3F84D47B330}.Debug|Any CPU.ActiveCfg = Debug|Any CPU
		{024002A4-0BBD-4784-A79F-F3F84D47B330}.Debug|Any CPU.Build.0 = Debug|Any CPU
		{024002A4-0BBD-4784-A79F-F3F84D47B330}.Release|Any CPU.ActiveCfg = Release|Any CPU
		{024002A4-0BBD-4784-A79F-F3F84D47B330}.Release|Any CPU.Build.0 = Release|Any CPU
		{2F6B1B52-FBF1-44E0-A872-006192B44A00}.Debug|Any CPU.ActiveCfg = Debug|Any CPU
		{2F6B1B52-FBF1-44E0-A872-006192B44A00}.Debug|Any CPU.Build.0 = Debug|Any CPU
		{2F6B1B52-FBF1-44E0-A872-006192B44A00}.Release|Any CPU.ActiveCfg = Release|Any CPU
		{2F6B1B52-FBF1-44E0-A872-006192B44A00}.Release|Any CPU.Build.0 = Release|Any CPU
		{7761C9F6-D634-468F-97D6-6646ABEEDF2F}.Debug|Any CPU.ActiveCfg = Debug|Any CPU
		{7761C9F6-D634-468F-97D6-6646ABEEDF2F}.Debug|Any CPU.Build.0 = Debug|Any CPU
		{7761C9F6-D634-468F-97D6-6646ABEEDF2F}.Release|Any CPU.ActiveCfg = Release|Any CPU
		{7761C9F6-D634-468F-97D6-6646ABEEDF2F}.Release|Any CPU.Build.0 = Release|Any CPU
		{D8F34900-DE61-44DA-806D-0A11A0866B9E}.Debug|Any CPU.ActiveCfg = Debug|Any CPU
		{D8F34900-DE61-44DA-806D-0A11A0866B9E}.Debug|Any CPU.Build.0 = Debug|Any CPU
		{D8F34900-DE61-44DA-806D-0A11A0866B9E}.Release|Any CPU.ActiveCfg = Release|Any CPU
		{D8F34900-DE61-44DA-806D-0A11A0866B9E}.Release|Any CPU.Build.0 = Release|Any CPU
		{8D23B05E-0468-4A51-8BC7-52FC1980470F}.Debug|Any CPU.ActiveCfg = Debug|Any CPU
		{8D23B05E-0468-4A51-8BC7-52FC1980470F}.Debug|Any CPU.Build.0 = Debug|Any CPU
		{8D23B05E-0468-4A51-8BC7-52FC1980470F}.Release|Any CPU.ActiveCfg = Release|Any CPU
		{8D23B05E-0468-4A51-8BC7-52FC1980470F}.Release|Any CPU.Build.0 = Release|Any CPU
		{F82A2BC1-5D66-4E50-B0E4-488869581D7A}.Debug|Any CPU.ActiveCfg = Debug|Any CPU
		{F82A2BC1-5D66-4E50-B0E4-488869581D7A}.Debug|Any CPU.Build.0 = Debug|Any CPU
		{F82A2BC1-5D66-4E50-B0E4-488869581D7A}.Release|Any CPU.ActiveCfg = Release|Any CPU
		{F82A2BC1-5D66-4E50-B0E4-488869581D7A}.Release|Any CPU.Build.0 = Release|Any CPU
	EndGlobalSection
	GlobalSection(SolutionProperties) = preSolution
		HideSolutionNode = FALSE
	EndGlobalSection
	GlobalSection(NestedProjects) = preSolution
		{BF0752A6-A362-4508-A685-1B24B24CFF81} = {09F8701D-791C-4D59-94B2-3FD788493365}
		{C3A5E4F0-973C-4765-9BDF-DDCFC76BBB35} = {09F8701D-791C-4D59-94B2-3FD788493365}
		{389E0EA8-1602-4FEE-9DD4-6F4730C48489} = {09F8701D-791C-4D59-94B2-3FD788493365}
		{29A3F6AC-0B4D-4C62-BF17-CE7B2BF311D5} = {63D8FFE2-0EB1-4945-A689-8651C71891FB}
		{A5883FFE-8B79-44E1-940E-539E1C4E28F5} = {63D8FFE2-0EB1-4945-A689-8651C71891FB}
		{A87CE2F2-140C-4E87-AB58-7B9E993235C2} = {63D8FFE2-0EB1-4945-A689-8651C71891FB}
		{E7C5D97E-D33F-4246-B338-2D03A6E9D517} = {21655341-3EAB-4600-9311-16F80DEDEB1D}
		{2277ECBC-D09A-45BA-965D-65DDC5E28DA5} = {21655341-3EAB-4600-9311-16F80DEDEB1D}
		{B3657F65-1C23-4324-9024-3EA9064A8304} = {21655341-3EAB-4600-9311-16F80DEDEB1D}
		{024002A4-0BBD-4784-A79F-F3F84D47B330} = {D674F513-15BA-48B1-9CDA-70FD08B0F602}
		{2F6B1B52-FBF1-44E0-A872-006192B44A00} = {D674F513-15BA-48B1-9CDA-70FD08B0F602}
		{7761C9F6-D634-468F-97D6-6646ABEEDF2F} = {D674F513-15BA-48B1-9CDA-70FD08B0F602}
		{D8F34900-DE61-44DA-806D-0A11A0866B9E} = {83BB9BA6-767C-427B-B0EE-59E72F91823D}
		{8D23B05E-0468-4A51-8BC7-52FC1980470F} = {83BB9BA6-767C-427B-B0EE-59E72F91823D}
		{F82A2BC1-5D66-4E50-B0E4-488869581D7A} = {83BB9BA6-767C-427B-B0EE-59E72F91823D}
	EndGlobalSection
	GlobalSection(ExtensibilityGlobals) = postSolution
		SolutionGuid = {38EF8F8F-48E3-40BF-B44F-A320BFA153B8}
	EndGlobalSection
EndGlobal
